
Microsoft Visual Studio Solution File, Format Version 12.00
# Visual Studio Version 17
VisualStudioVersion = 17.3.32811.315
MinimumVisualStudioVersion = 10.0.40219.1
Project("{9A19103F-16F7-4668-BE54-9A1E7A4F7556}") = "Spring2024_Books", "Spring2024_Books.csproj", "{09B90304-A35A-47D4-86DA-C866EBB28A12}"
EndProject
Global
	GlobalSection(SolutionConfigurationPlatforms) = preSolution
		Debug|Any CPU = Debug|Any CPU
		Release|Any CPU = Release|Any CPU
	EndGlobalSection
	GlobalSection(ProjectConfigurationPlatforms) = postSolution
		{09B90304-A35A-47D4-86DA-C866EBB28A12}.Debug|Any CPU.ActiveCfg = Debug|Any CPU
		{09B90304-A35A-47D4-86DA-C866EBB28A12}.Debug|Any CPU.Build.0 = Debug|Any CPU
		{09B90304-A35A-47D4-86DA-C866EBB28A12}.Release|Any CPU.ActiveCfg = Release|Any CPU
		{09B90304-A35A-47D4-86DA-C866EBB28A12}.Release|Any CPU.Build.0 = Release|Any CPU
	EndGlobalSection
	GlobalSection(SolutionProperties) = preSolution
		HideSolutionNode = FALSE
	EndGlobalSection
	GlobalSection(ExtensibilityGlobals) = postSolution
		SolutionGuid = {10F6D5BA-9036-45A5-9A3B-94B1484FE195}
	EndGlobalSection
EndGlobal
